
Microsoft Visual Studio Solution File, Format Version 12.00
# Visual Studio Version 17
VisualStudioVersion = 17.9.34723.18
MinimumVisualStudioVersion = 10.0.40219.1
Project("{FAE04EC0-301F-11D3-BF4B-00C04F79EFBC}") = "Angry", "Angry\Angry.csproj", "{5E742EDF-80DF-4B82-8D94-35C31CF7DBBA}"
EndProject
Global
	GlobalSection(SolutionConfigurationPlatforms) = preSolution
		Debug|Any CPU = Debug|Any CPU
		Release|Any CPU = Release|Any CPU
	EndGlobalSection
	GlobalSection(ProjectConfigurationPlatforms) = postSolution
		{5E742EDF-80DF-4B82-8D94-35C31CF7DBBA}.Debug|Any CPU.ActiveCfg = Debug|Any CPU
		{5E742EDF-80DF-4B82-8D94-35C31CF7DBBA}.Debug|Any CPU.Build.0 = Debug|Any CPU
		{5E742EDF-80DF-4B82-8D94-35C31CF7DBBA}.Release|Any CPU.ActiveCfg = Release|Any CPU
		{5E742EDF-80DF-4B82-8D94-35C31CF7DBBA}.Release|Any CPU.Build.0 = Release|Any CPU
	EndGlobalSection
	GlobalSection(SolutionProperties) = preSolution
		HideSolutionNode = FALSE
	EndGlobalSection
	GlobalSection(ExtensibilityGlobals) = postSolution
		SolutionGuid = {65CDB700-4E42-4486-BF1C-4E7F85CBD578}
	EndGlobalSection
EndGlobal
