
Microsoft Visual Studio Solution File, Format Version 12.00
# Visual Studio Version 17
VisualStudioVersion = 17.9.34723.18
MinimumVisualStudioVersion = 10.0.40219.1
Project("{FAE04EC0-301F-11D3-BF4B-00C04F79EFBC}") = "Windows", "Windows\Windows.csproj", "{BF7CBFBF-3CF5-4818-B315-A6B5135D4239}"
EndProject
Global
	GlobalSection(SolutionConfigurationPlatforms) = preSolution
		Debug|Any CPU = Debug|Any CPU
		Release|Any CPU = Release|Any CPU
	EndGlobalSection
	GlobalSection(ProjectConfigurationPlatforms) = postSolution
		{BF7CBFBF-3CF5-4818-B315-A6B5135D4239}.Debug|Any CPU.ActiveCfg = Debug|Any CPU
		{BF7CBFBF-3CF5-4818-B315-A6B5135D4239}.Debug|Any CPU.Build.0 = Debug|Any CPU
		{BF7CBFBF-3CF5-4818-B315-A6B5135D4239}.Release|Any CPU.ActiveCfg = Release|Any CPU
		{BF7CBFBF-3CF5-4818-B315-A6B5135D4239}.Release|Any CPU.Build.0 = Release|Any CPU
	EndGlobalSection
	GlobalSection(SolutionProperties) = preSolution
		HideSolutionNode = FALSE
	EndGlobalSection
	GlobalSection(ExtensibilityGlobals) = postSolution
		SolutionGuid = {77379F25-9C05-418B-8125-70302795E7C2}
	EndGlobalSection
EndGlobal
